// !$*UTF8*$!
{
	archiveVersion = 1;
	classes = {
	};
	objectVersion = 46;
	objects = {

/* Begin PBXBuildFile section */
		D2D6EBBE19A9BD3400E5EF15 /* Foundation.framework in Frameworks */ = {isa = PBXBuildFile; fileRef = D2D6EBBD19A9BD3400E5EF15 /* Foundation.framework */; };
		D2D6EBC019A9BD3400E5EF15 /* CoreGraphics.framework in Frameworks */ = {isa = PBXBuildFile; fileRef = D2D6EBBF19A9BD3400E5EF15 /* CoreGraphics.framework */; };
		D2D6EBC219A9BD3400E5EF15 /* UIKit.framework in Frameworks */ = {isa = PBXBuildFile; fileRef = D2D6EBC119A9BD3400E5EF15 /* UIKit.framework */; };
		D2D6EBC819A9BD3400E5EF15 /* InfoPlist.strings in Resources */ = {isa = PBXBuildFile; fileRef = D2D6EBC619A9BD3400E5EF15 /* InfoPlist.strings */; };
		D2D6EBCA19A9BD3400E5EF15 /* main.m in Sources */ = {isa = PBXBuildFile; fileRef = D2D6EBC919A9BD3400E5EF15 /* main.m */; };
		D2D6EBCE19A9BD3400E5EF15 /* AppDelegate.m in Sources */ = {isa = PBXBuildFile; fileRef = D2D6EBCD19A9BD3400E5EF15 /* AppDelegate.m */; };
		D2D6EBD019A9BD3400E5EF15 /* Images.xcassets in Resources */ = {isa = PBXBuildFile; fileRef = D2D6EBCF19A9BD3400E5EF15 /* Images.xcassets */; };
		D2D6EBF219A9BD9F00E5EF15 /* HTTPSViewController.m in Sources */ = {isa = PBXBuildFile; fileRef = D2D6EBED19A9BD9F00E5EF15 /* HTTPSViewController.m */; };
		D2D6EBF319A9BD9F00E5EF15 /* HTTPViewController.m in Sources */ = {isa = PBXBuildFile; fileRef = D2D6EBEF19A9BD9F00E5EF15 /* HTTPViewController.m */; };
		D2D6EBF419A9BD9F00E5EF15 /* SecureViewController.m in Sources */ = {isa = PBXBuildFile; fileRef = D2D6EBF119A9BD9F00E5EF15 /* SecureViewController.m */; };
		D2D6EBF619A9BDBC00E5EF15 /* Main.storyboard in Resources */ = {isa = PBXBuildFile; fileRef = D2D6EBF519A9BDBC00E5EF15 /* Main.storyboard */; };
/* End PBXBuildFile section */

/* Begin PBXFileReference section */
		D2D6EBBA19A9BD3400E5EF15 /* 360iDev SSL.app */ = {isa = PBXFileReference; explicitFileType = wrapper.application; includeInIndex = 0; path = "360iDev SSL.app"; sourceTree = BUILT_PRODUCTS_DIR; };
		D2D6EBBD19A9BD3400E5EF15 /* Foundation.framework */ = {isa = PBXFileReference; lastKnownFileType = wrapper.framework; name = Foundation.framework; path = System/Library/Frameworks/Foundation.framework; sourceTree = SDKROOT; };
		D2D6EBBF19A9BD3400E5EF15 /* CoreGraphics.framework */ = {isa = PBXFileReference; lastKnownFileType = wrapper.framework; name = CoreGraphics.framework; path = System/Library/Frameworks/CoreGraphics.framework; sourceTree = SDKROOT; };
		D2D6EBC119A9BD3400E5EF15 /* UIKit.framework */ = {isa = PBXFileReference; lastKnownFileType = wrapper.framework; name = UIKit.framework; path = System/Library/Frameworks/UIKit.framework; sourceTree = SDKROOT; };
		D2D6EBC519A9BD3400E5EF15 /* 360iDev SSL-Info.plist */ = {isa = PBXFileReference; lastKnownFileType = text.plist.xml; path = "360iDev SSL-Info.plist"; sourceTree = "<group>"; };
		D2D6EBC719A9BD3400E5EF15 /* en */ = {isa = PBXFileReference; lastKnownFileType = text.plist.strings; name = en; path = en.lproj/InfoPlist.strings; sourceTree = "<group>"; };
		D2D6EBC919A9BD3400E5EF15 /* main.m */ = {isa = PBXFileReference; lastKnownFileType = sourcecode.c.objc; path = main.m; sourceTree = "<group>"; };
		D2D6EBCB19A9BD3400E5EF15 /* 360iDev SSL-Prefix.pch */ = {isa = PBXFileReference; lastKnownFileType = sourcecode.c.h; path = "360iDev SSL-Prefix.pch"; sourceTree = "<group>"; };
		D2D6EBCC19A9BD3400E5EF15 /* AppDelegate.h */ = {isa = PBXFileReference; lastKnownFileType = sourcecode.c.h; path = AppDelegate.h; sourceTree = "<group>"; };
		D2D6EBCD19A9BD3400E5EF15 /* AppDelegate.m */ = {isa = PBXFileReference; lastKnownFileType = sourcecode.c.objc; path = AppDelegate.m; sourceTree = "<group>"; };
		D2D6EBCF19A9BD3400E5EF15 /* Images.xcassets */ = {isa = PBXFileReference; lastKnownFileType = folder.assetcatalog; path = Images.xcassets; sourceTree = "<group>"; };
		D2D6EBD619A9BD3400E5EF15 /* XCTest.framework */ = {isa = PBXFileReference; lastKnownFileType = wrapper.framework; name = XCTest.framework; path = Library/Frameworks/XCTest.framework; sourceTree = DEVELOPER_DIR; };
		D2D6EBDE19A9BD3400E5EF15 /* 360iDev SSLTests-Info.plist */ = {isa = PBXFileReference; lastKnownFileType = text.plist.xml; path = "360iDev SSLTests-Info.plist"; sourceTree = "<group>"; };
		D2D6EBE019A9BD3400E5EF15 /* en */ = {isa = PBXFileReference; lastKnownFileType = text.plist.strings; name = en; path = en.lproj/InfoPlist.strings; sourceTree = "<group>"; };
		D2D6EBE219A9BD3400E5EF15 /* _60iDev_SSLTests.m */ = {isa = PBXFileReference; lastKnownFileType = sourcecode.c.objc; path = _60iDev_SSLTests.m; sourceTree = "<group>"; };
		D2D6EBEC19A9BD9F00E5EF15 /* HTTPSViewController.h */ = {isa = PBXFileReference; fileEncoding = 4; lastKnownFileType = sourcecode.c.h; path = HTTPSViewController.h; sourceTree = "<group>"; };
		D2D6EBED19A9BD9F00E5EF15 /* HTTPSViewController.m */ = {isa = PBXFileReference; fileEncoding = 4; lastKnownFileType = sourcecode.c.objc; path = HTTPSViewController.m; sourceTree = "<group>"; };
		D2D6EBEE19A9BD9F00E5EF15 /* HTTPViewController.h */ = {isa = PBXFileReference; fileEncoding = 4; lastKnownFileType = sourcecode.c.h; path = HTTPViewController.h; sourceTree = "<group>"; };
		D2D6EBEF19A9BD9F00E5EF15 /* HTTPViewController.m */ = {isa = PBXFileReference; fileEncoding = 4; lastKnownFileType = sourcecode.c.objc; path = HTTPViewController.m; sourceTree = "<group>"; };
		D2D6EBF019A9BD9F00E5EF15 /* SecureViewController.h */ = {isa = PBXFileReference; fileEncoding = 4; lastKnownFileType = sourcecode.c.h; path = SecureViewController.h; sourceTree = "<group>"; };
		D2D6EBF119A9BD9F00E5EF15 /* SecureViewController.m */ = {isa = PBXFileReference; fileEncoding = 4; lastKnownFileType = sourcecode.c.objc; path = SecureViewController.m; sourceTree = "<group>"; };
		D2D6EBF519A9BDBC00E5EF15 /* Main.storyboard */ = {isa = PBXFileReference; fileEncoding = 4; lastKnownFileType = file.storyboard; path = Main.storyboard; sourceTree = "<group>"; };
/* End PBXFileReference section */

/* Begin PBXFrameworksBuildPhase section */
		D2D6EBB719A9BD3400E5EF15 /* Frameworks */ = {
			isa = PBXFrameworksBuildPhase;
			buildActionMask = 2147483647;
			files = (
				D2D6EBC019A9BD3400E5EF15 /* CoreGraphics.framework in Frameworks */,
				D2D6EBC219A9BD3400E5EF15 /* UIKit.framework in Frameworks */,
				D2D6EBBE19A9BD3400E5EF15 /* Foundation.framework in Frameworks */,
			);
			runOnlyForDeploymentPostprocessing = 0;
		};
/* End PBXFrameworksBuildPhase section */

/* Begin PBXGroup section */
		D2D6EBB119A9BD3400E5EF15 = {
			isa = PBXGroup;
			children = (
				D2D6EBC319A9BD3400E5EF15 /* 360iDev SSL */,
				D2D6EBDC19A9BD3400E5EF15 /* 360iDev SSLTests */,
				D2D6EBBC19A9BD3400E5EF15 /* Frameworks */,
				D2D6EBBB19A9BD3400E5EF15 /* Products */,
			);
			sourceTree = "<group>";
		};
		D2D6EBBB19A9BD3400E5EF15 /* Products */ = {
			isa = PBXGroup;
			children = (
				D2D6EBBA19A9BD3400E5EF15 /* 360iDev SSL.app */,
			);
			name = Products;
			sourceTree = "<group>";
		};
		D2D6EBBC19A9BD3400E5EF15 /* Frameworks */ = {
			isa = PBXGroup;
			children = (
				D2D6EBBD19A9BD3400E5EF15 /* Foundation.framework */,
				D2D6EBBF19A9BD3400E5EF15 /* CoreGraphics.framework */,
				D2D6EBC119A9BD3400E5EF15 /* UIKit.framework */,
				D2D6EBD619A9BD3400E5EF15 /* XCTest.framework */,
			);
			name = Frameworks;
			sourceTree = "<group>";
		};
		D2D6EBC319A9BD3400E5EF15 /* 360iDev SSL */ = {
			isa = PBXGroup;
			children = (
				D2D6EBCC19A9BD3400E5EF15 /* AppDelegate.h */,
				D2D6EBCD19A9BD3400E5EF15 /* AppDelegate.m */,
				D2D6EBEE19A9BD9F00E5EF15 /* HTTPViewController.h */,
				D2D6EBEF19A9BD9F00E5EF15 /* HTTPViewController.m */,
				D2D6EBEC19A9BD9F00E5EF15 /* HTTPSViewController.h */,
				D2D6EBED19A9BD9F00E5EF15 /* HTTPSViewController.m */,
				D2D6EBF019A9BD9F00E5EF15 /* SecureViewController.h */,
				D2D6EBF119A9BD9F00E5EF15 /* SecureViewController.m */,
				D2D6EBF519A9BDBC00E5EF15 /* Main.storyboard */,
				D2D6EBCF19A9BD3400E5EF15 /* Images.xcassets */,
				D2D6EBC419A9BD3400E5EF15 /* Supporting Files */,
			);
			path = "360iDev SSL";
			sourceTree = "<group>";
		};
		D2D6EBC419A9BD3400E5EF15 /* Supporting Files */ = {
			isa = PBXGroup;
			children = (
				D2D6EBC519A9BD3400E5EF15 /* 360iDev SSL-Info.plist */,
				D2D6EBC619A9BD3400E5EF15 /* InfoPlist.strings */,
				D2D6EBC919A9BD3400E5EF15 /* main.m */,
				D2D6EBCB19A9BD3400E5EF15 /* 360iDev SSL-Prefix.pch */,
			);
			name = "Supporting Files";
			sourceTree = "<group>";
		};
		D2D6EBDC19A9BD3400E5EF15 /* 360iDev SSLTests */ = {
			isa = PBXGroup;
			children = (
				D2D6EBE219A9BD3400E5EF15 /* _60iDev_SSLTests.m */,
				D2D6EBDD19A9BD3400E5EF15 /* Supporting Files */,
			);
			path = "360iDev SSLTests";
			sourceTree = "<group>";
		};
		D2D6EBDD19A9BD3400E5EF15 /* Supporting Files */ = {
			isa = PBXGroup;
			children = (
				D2D6EBDE19A9BD3400E5EF15 /* 360iDev SSLTests-Info.plist */,
				D2D6EBDF19A9BD3400E5EF15 /* InfoPlist.strings */,
			);
			name = "Supporting Files";
			sourceTree = "<group>";
		};
/* End PBXGroup section */

/* Begin PBXNativeTarget section */
		D2D6EBB919A9BD3400E5EF15 /* 360iDev SSL */ = {
			isa = PBXNativeTarget;
			buildConfigurationList = D2D6EBE619A9BD3400E5EF15 /* Build configuration list for PBXNativeTarget "360iDev SSL" */;
			buildPhases = (
				D2D6EBB619A9BD3400E5EF15 /* Sources */,
				D2D6EBB719A9BD3400E5EF15 /* Frameworks */,
				D2D6EBB819A9BD3400E5EF15 /* Resources */,
			);
			buildRules = (
			);
			dependencies = (
			);
			name = "360iDev SSL";
			productName = "360iDev SSL";
			productReference = D2D6EBBA19A9BD3400E5EF15 /* 360iDev SSL.app */;
			productType = "com.apple.product-type.application";
		};
/* End PBXNativeTarget section */

/* Begin PBXProject section */
		D2D6EBB219A9BD3400E5EF15 /* Project object */ = {
			isa = PBXProject;
			attributes = {
				LastUpgradeCheck = 0510;
				ORGANIZATIONNAME = "Garlic Software LLC";
			};
			buildConfigurationList = D2D6EBB519A9BD3400E5EF15 /* Build configuration list for PBXProject "360iDev SSL" */;
			compatibilityVersion = "Xcode 3.2";
			developmentRegion = English;
			hasScannedForEncodings = 0;
			knownRegions = (
				en,
			);
			mainGroup = D2D6EBB119A9BD3400E5EF15;
			productRefGroup = D2D6EBBB19A9BD3400E5EF15 /* Products */;
			projectDirPath = "";
			projectRoot = "";
			targets = (
				D2D6EBB919A9BD3400E5EF15 /* 360iDev SSL */,
			);
		};
/* End PBXProject section */

/* Begin PBXResourcesBuildPhase section */
		D2D6EBB819A9BD3400E5EF15 /* Resources */ = {
			isa = PBXResourcesBuildPhase;
			buildActionMask = 2147483647;
			files = (
				D2D6EBF619A9BDBC00E5EF15 /* Main.storyboard in Resources */,
				D2D6EBC819A9BD3400E5EF15 /* InfoPlist.strings in Resources */,
				D2D6EBD019A9BD3400E5EF15 /* Images.xcassets in Resources */,
			);
			runOnlyForDeploymentPostprocessing = 0;
		};
/* End PBXResourcesBuildPhase section */

/* Begin PBXSourcesBuildPhase section */
		D2D6EBB619A9BD3400E5EF15 /* Sources */ = {
			isa = PBXSourcesBuildPhase;
			buildActionMask = 2147483647;
			files = (
				D2D6EBF419A9BD9F00E5EF15 /* SecureViewController.m in Sources */,
				D2D6EBF219A9BD9F00E5EF15 /* HTTPSViewController.m in Sources */,
				D2D6EBCE19A9BD3400E5EF15 /* AppDelegate.m in Sources */,
				D2D6EBF319A9BD9F00E5EF15 /* HTTPViewController.m in Sources */,
				D2D6EBCA19A9BD3400E5EF15 /* main.m in Sources */,
			);
			runOnlyForDeploymentPostprocessing = 0;
		};
/* End PBXSourcesBuildPhase section */

/* Begin PBXVariantGroup section */
		D2D6EBC619A9BD3400E5EF15 /* InfoPlist.strings */ = {
			isa = PBXVariantGroup;
			children = (
				D2D6EBC719A9BD3400E5EF15 /* en */,
			);
			name = InfoPlist.strings;
			sourceTree = "<group>";
		};
		D2D6EBDF19A9BD3400E5EF15 /* InfoPlist.strings */ = {
			isa = PBXVariantGroup;
			children = (
				D2D6EBE019A9BD3400E5EF15 /* en */,
			);
			name = InfoPlist.strings;
			sourceTree = "<group>";
		};
/* End PBXVariantGroup section */

/* Begin XCBuildConfiguration section */
		D2D6EBE419A9BD3400E5EF15 /* Debug */ = {
			isa = XCBuildConfiguration;
			buildSettings = {
				ALWAYS_SEARCH_USER_PATHS = NO;
				CLANG_CXX_LANGUAGE_STANDARD = "gnu++0x";
				CLANG_CXX_LIBRARY = "libc++";
				CLANG_ENABLE_MODULES = YES;
				CLANG_ENABLE_OBJC_ARC = YES;
				CLANG_WARN_BOOL_CONVERSION = YES;
				CLANG_WARN_CONSTANT_CONVERSION = YES;
				CLANG_WARN_DIRECT_OBJC_ISA_USAGE = YES_ERROR;
				CLANG_WARN_EMPTY_BODY = YES;
				CLANG_WARN_ENUM_CONVERSION = YES;
				CLANG_WARN_INT_CONVERSION = YES;
				CLANG_WARN_OBJC_ROOT_CLASS = YES_ERROR;
				CLANG_WARN__DUPLICATE_METHOD_MATCH = YES;
				"CODE_SIGN_IDENTITY[sdk=iphoneos*]" = "iPhone Developer";
				COPY_PHASE_STRIP = NO;
				GCC_C_LANGUAGE_STANDARD = gnu99;
				GCC_DYNAMIC_NO_PIC = NO;
				GCC_OPTIMIZATION_LEVEL = 0;
				GCC_PREPROCESSOR_DEFINITIONS = (
					"DEBUG=1",
					"$(inherited)",
				);
				GCC_SYMBOLS_PRIVATE_EXTERN = NO;
				GCC_WARN_64_TO_32_BIT_CONVERSION = YES;
				GCC_WARN_ABOUT_RETURN_TYPE = YES_ERROR;
				GCC_WARN_UNDECLARED_SELECTOR = YES;
				GCC_WARN_UNINITIALIZED_AUTOS = YES_AGGRESSIVE;
				GCC_WARN_UNUSED_FUNCTION = YES;
				GCC_WARN_UNUSED_VARIABLE = YES;
				IPHONEOS_DEPLOYMENT_TARGET = 7.1;
				ONLY_ACTIVE_ARCH = YES;
				SDKROOT = iphoneos;
			};
			name = Debug;
		};
		D2D6EBE519A9BD3400E5EF15 /* Release */ = {
			isa = XCBuildConfiguration;
			buildSettings = {
				ALWAYS_SEARCH_USER_PATHS = NO;
				CLANG_CXX_LANGUAGE_STANDARD = "gnu++0x";
				CLANG_CXX_LIBRARY = "libc++";
				CLANG_ENABLE_MODULES = YES;
				CLANG_ENABLE_OBJC_ARC = YES;
				CLANG_WARN_BOOL_CONVERSION = YES;
				CLANG_WARN_CONSTANT_CONVERSION = YES;
				CLANG_WARN_DIRECT_OBJC_ISA_USAGE = YES_ERROR;
				CLANG_WARN_EMPTY_BODY = YES;
				CLANG_WARN_ENUM_CONVERSION = YES;
				CLANG_WARN_INT_CONVERSION = YES;
				CLANG_WARN_OBJC_ROOT_CLASS = YES_ERROR;
				CLANG_WARN__DUPLICATE_METHOD_MATCH = YES;
				"CODE_SIGN_IDENTITY[sdk=iphoneos*]" = "iPhone Developer";
				COPY_PHASE_STRIP = YES;
				ENABLE_NS_ASSERTIONS = NO;
				GCC_C_LANGUAGE_STANDARD = gnu99;
				GCC_WARN_64_TO_32_BIT_CONVERSION = YES;
				GCC_WARN_ABOUT_RETURN_TYPE = YES_ERROR;
				GCC_WARN_UNDECLARED_SELECTOR = YES;
				GCC_WARN_UNINITIALIZED_AUTOS = YES_AGGRESSIVE;
				GCC_WARN_UNUSED_FUNCTION = YES;
				GCC_WARN_UNUSED_VARIABLE = YES;
				IPHONEOS_DEPLOYMENT_TARGET = 7.1;
				SDKROOT = iphoneos;
				VALIDATE_PRODUCT = YES;
			};
			name = Release;
		};
		D2D6EBE719A9BD3400E5EF15 /* Debug */ = {
			isa = XCBuildConfiguration;
			buildSettings = {
				ASSETCATALOG_COMPILER_APPICON_NAME = AppIcon;
				ASSETCATALOG_COMPILER_LAUNCHIMAGE_NAME = LaunchImage;
				GCC_PRECOMPILE_PREFIX_HEADER = YES;
				GCC_PREFIX_HEADER = "360iDev SSL/360iDev SSL-Prefix.pch";
				INFOPLIST_FILE = "360iDev SSL/360iDev SSL-Info.plist";
				PRODUCT_NAME = "$(TARGET_NAME)";
				WRAPPER_EXTENSION = app;
			};
			name = Debug;
		};
		D2D6EBE819A9BD3400E5EF15 /* Release */ = {
			isa = XCBuildConfiguration;
			buildSettings = {
				ASSETCATALOG_COMPILER_APPICON_NAME = AppIcon;
				ASSETCATALOG_COMPILER_LAUNCHIMAGE_NAME = LaunchImage;
				GCC_PRECOMPILE_PREFIX_HEADER = YES;
				GCC_PREFIX_HEADER = "360iDev SSL/360iDev SSL-Prefix.pch";
				INFOPLIST_FILE = "360iDev SSL/360iDev SSL-Info.plist";
				PRODUCT_NAME = "$(TARGET_NAME)";
				WRAPPER_EXTENSION = app;
			};
			name = Release;
		};
/* End XCBuildConfiguration section */

/* Begin XCConfigurationList section */
		D2D6EBB519A9BD3400E5EF15 /* Build configuration list for PBXProject "360iDev SSL" */ = {
			isa = XCConfigurationList;
			buildConfigurations = (
				D2D6EBE419A9BD3400E5EF15 /* Debug */,
				D2D6EBE519A9BD3400E5EF15 /* Release */,
			);
			defaultConfigurationIsVisible = 0;
			defaultConfigurationName = Release;
		};
		D2D6EBE619A9BD3400E5EF15 /* Build configuration list for PBXNativeTarget "360iDev SSL" */ = {
			isa = XCConfigurationList;
			buildConfigurations = (
				D2D6EBE719A9BD3400E5EF15 /* Debug */,
				D2D6EBE819A9BD3400E5EF15 /* Release */,
			);
			defaultConfigurationIsVisible = 0;
		};
/* End XCConfigurationList section */
	};
	rootObject = D2D6EBB219A9BD3400E5EF15 /* Project object */;
}
